
Microsoft Visual Studio Solution File, Format Version 12.00
# Visual Studio 14
VisualStudioVersion = 14.0.25420.1
MinimumVisualStudioVersion = 10.0.40219.1
Project("{FAE04EC0-301F-11D3-BF4B-00C04F79EFBC}") = "DataDisplayer", "DataDisplayer\DataDisplayer.csproj", "{0117CBF9-D5AD-4A91-B389-9460B79903DE}"
EndProject
Project("{FAE04EC0-301F-11D3-BF4B-00C04F79EFBC}") = "DataStoreDriver", "DataStoreDriver\DataStoreDriver.csproj", "{E84A349B-8666-4938-B1CB-C4B26DAA14F9}"
EndProject
Global
	GlobalSection(SolutionConfigurationPlatforms) = preSolution
		Debug|Any CPU = Debug|Any CPU
		Release|Any CPU = Release|Any CPU
	EndGlobalSection
	GlobalSection(ProjectConfigurationPlatforms) = postSolution
		{0117CBF9-D5AD-4A91-B389-9460B79903DE}.Debug|Any CPU.ActiveCfg = Debug|Any CPU
		{0117CBF9-D5AD-4A91-B389-9460B79903DE}.Debug|Any CPU.Build.0 = Debug|Any CPU
		{0117CBF9-D5AD-4A91-B389-9460B79903DE}.Release|Any CPU.ActiveCfg = Release|Any CPU
		{0117CBF9-D5AD-4A91-B389-9460B79903DE}.Release|Any CPU.Build.0 = Release|Any CPU
		{E84A349B-8666-4938-B1CB-C4B26DAA14F9}.Debug|Any CPU.ActiveCfg = Debug|Any CPU
		{E84A349B-8666-4938-B1CB-C4B26DAA14F9}.Debug|Any CPU.Build.0 = Debug|Any CPU
		{E84A349B-8666-4938-B1CB-C4B26DAA14F9}.Release|Any CPU.ActiveCfg = Release|Any CPU
		{E84A349B-8666-4938-B1CB-C4B26DAA14F9}.Release|Any CPU.Build.0 = Release|Any CPU
	EndGlobalSection
	GlobalSection(SolutionProperties) = preSolution
		HideSolutionNode = FALSE
	EndGlobalSection
EndGlobal
